
Microsoft Visual Studio Solution File, Format Version 12.00
# Visual Studio 2013
VisualStudioVersion = 12.0.31101.0
MinimumVisualStudioVersion = 10.0.40219.1
Project("{FAE04EC0-301F-11D3-BF4B-00C04F79EFBC}") = "SlipStream", "SlipStream\SlipStream.csproj", "{BDD081E8-0E66-4517-96A3-F6757DCDA1F8}"
EndProject
Project("{FAE04EC0-301F-11D3-BF4B-00C04F79EFBC}") = "FFmpeg.AutoGen", "..\..\FFmpeg.AutoGen\FFmpeg.AutoGen\FFmpeg.AutoGen.csproj", "{A536B02A-B0B1-4753-8328-17369EF09976}"
EndProject
Global
	GlobalSection(SolutionConfigurationPlatforms) = preSolution
		Debug|Any CPU = Debug|Any CPU
		Debug|x64 = Debug|x64
		Release|Any CPU = Release|Any CPU
		Release|x64 = Release|x64
	EndGlobalSection
	GlobalSection(ProjectConfigurationPlatforms) = postSolution
		{BDD081E8-0E66-4517-96A3-F6757DCDA1F8}.Debug|Any CPU.ActiveCfg = Debug|Any CPU
		{BDD081E8-0E66-4517-96A3-F6757DCDA1F8}.Debug|Any CPU.Build.0 = Debug|Any CPU
		{BDD081E8-0E66-4517-96A3-F6757DCDA1F8}.Debug|x64.ActiveCfg = Debug|Any CPU
		{BDD081E8-0E66-4517-96A3-F6757DCDA1F8}.Release|Any CPU.ActiveCfg = Release|Any CPU
		{BDD081E8-0E66-4517-96A3-F6757DCDA1F8}.Release|Any CPU.Build.0 = Release|Any CPU
		{BDD081E8-0E66-4517-96A3-F6757DCDA1F8}.Release|x64.ActiveCfg = Release|Any CPU
		{A536B02A-B0B1-4753-8328-17369EF09976}.Debug|Any CPU.ActiveCfg = Debug|Any CPU
		{A536B02A-B0B1-4753-8328-17369EF09976}.Debug|Any CPU.Build.0 = Debug|Any CPU
		{A536B02A-B0B1-4753-8328-17369EF09976}.Debug|x64.ActiveCfg = Debug|Any CPU
		{A536B02A-B0B1-4753-8328-17369EF09976}.Release|Any CPU.ActiveCfg = Release|Any CPU
		{A536B02A-B0B1-4753-8328-17369EF09976}.Release|Any CPU.Build.0 = Release|Any CPU
		{A536B02A-B0B1-4753-8328-17369EF09976}.Release|x64.ActiveCfg = Release|Any CPU
	EndGlobalSection
	GlobalSection(SolutionProperties) = preSolution
		HideSolutionNode = FALSE
	EndGlobalSection
EndGlobal
